
Microsoft Visual Studio Solution File, Format Version 12.00
# Visual Studio 15
VisualStudioVersion = 15.0.27004.2006
MinimumVisualStudioVersion = 10.0.40219.1
Project("{FAE04EC0-301F-11D3-BF4B-00C04F79EFBC}") = "Alterius.SimpleOption", "src\Alterius.SimpleOption\Alterius.SimpleOption.csproj", "{6D54DB9B-3FEF-483A-B63E-4A81F5815CF2}"
EndProject
Project("{FAE04EC0-301F-11D3-BF4B-00C04F79EFBC}") = "Alterius.SimpleOption.UnitTests", "src\Alterius.SimpleOption.UnitTests\Alterius.SimpleOption.UnitTests.csproj", "{DC5103CC-5C59-4EE2-8787-5DAAFC07C9F8}"
EndProject
Global
	GlobalSection(SolutionConfigurationPlatforms) = preSolution
		Debug|Any CPU = Debug|Any CPU
		Release|Any CPU = Release|Any CPU
	EndGlobalSection
	GlobalSection(ProjectConfigurationPlatforms) = postSolution
		{6D54DB9B-3FEF-483A-B63E-4A81F5815CF2}.Debug|Any CPU.ActiveCfg = Debug|Any CPU
		{6D54DB9B-3FEF-483A-B63E-4A81F5815CF2}.Debug|Any CPU.Build.0 = Debug|Any CPU
		{6D54DB9B-3FEF-483A-B63E-4A81F5815CF2}.Release|Any CPU.ActiveCfg = Release|Any CPU
		{6D54DB9B-3FEF-483A-B63E-4A81F5815CF2}.Release|Any CPU.Build.0 = Release|Any CPU
		{DC5103CC-5C59-4EE2-8787-5DAAFC07C9F8}.Debug|Any CPU.ActiveCfg = Debug|Any CPU
		{DC5103CC-5C59-4EE2-8787-5DAAFC07C9F8}.Debug|Any CPU.Build.0 = Debug|Any CPU
		{DC5103CC-5C59-4EE2-8787-5DAAFC07C9F8}.Release|Any CPU.ActiveCfg = Release|Any CPU
		{DC5103CC-5C59-4EE2-8787-5DAAFC07C9F8}.Release|Any CPU.Build.0 = Release|Any CPU
	EndGlobalSection
	GlobalSection(SolutionProperties) = preSolution
		HideSolutionNode = FALSE
	EndGlobalSection
	GlobalSection(ExtensibilityGlobals) = postSolution
		SolutionGuid = {936C134E-AAEA-4125-9759-7BABD9DEF345}
	EndGlobalSection
EndGlobal
